{
  "name": "scratch-auf-deutsch",
  "version": "1.2.0",
  "lockfileVersion": 3,
  "requires": true,
  "packages": {
    "": {
      "name": "scratch-auf-deutsch",
      "version": "1.2.0",
      "license": "MIT",
      "devDependencies": {
        "scratchblocks": "3.7.1"
      }
    },
    "node_modules/scratchblocks": {
      "version": "3.7.1",
      "resolved": "https://registry.npmjs.org/scratchblocks/-/scratchblocks-3.7.1.tgz",
      "integrity": "sha512-e78d7V1QhW+u/dmjsPYKeWebsEBQOQonVeZiIPQYBqg/GhbBD5AQts0M6B6VaGzb5j636mW/gXyLUVWWIWVTlg==",
      "dev": true,
      "license": "MIT"
    }
  }
}
